<?xml version="1.0" encoding="utf-8"?>
<Project ToolsVersion="4.0" xmlns="http://schemas.microsoft.com/developer/msbuild/2003">
  <ItemGroup>
    <Filter Include="Ricsi">
      <UniqueIdentifier>{1fe322e3-5ebc-46e1-9cd9-b01e5e2c0444}</UniqueIdentifier>
    </Filter>
    <Filter Include="Aron">
      <UniqueIdentifier>{d3f80128-00f7-4ff0-94de-e339a11ac483}</UniqueIdentifier>
    </Filter>
  </ItemGroup>
  <ItemGroup>
    <ClCompile Include="main.cpp" />
  </ItemGroup>
  <ItemGroup>
    <None Include="Ricsi\hello.cl">
      <Filter>Ricsi</Filter>
    </None>
  </ItemGroup>
  <ItemGroup>
    <ClInclude Include="Ricsi\ricsi.h">
      <Filter>Ricsi</Filter>
    </ClInclude>
    <ClInclude Include="Aron\aron.h">
      <Filter>Aron</Filter>
    </ClInclude>
  </ItemGroup>
</Project>